
Microsoft Visual Studio Solution File, Format Version 12.00
# Visual Studio Version 17
VisualStudioVersion = 17.2.32616.157
MinimumVisualStudioVersion = 10.0.40219.1
Project("{FAE04EC0-301F-11D3-BF4B-00C04F79EFBC}") = "TrafficLightSimulator.WinForm", "TrafficLight.WinForm\TrafficLightSimulator.WinForm.csproj", "{43ACEA6C-BAEB-48D9-8A1C-B1D463287122}"
EndProject
Global
	GlobalSection(SolutionConfigurationPlatforms) = preSolution
		Debug|Any CPU = Debug|Any CPU
		Release|Any CPU = Release|Any CPU
	EndGlobalSection
	GlobalSection(ProjectConfigurationPlatforms) = postSolution
		{43ACEA6C-BAEB-48D9-8A1C-B1D463287122}.Debug|Any CPU.ActiveCfg = Debug|Any CPU
		{43ACEA6C-BAEB-48D9-8A1C-B1D463287122}.Debug|Any CPU.Build.0 = Debug|Any CPU
		{43ACEA6C-BAEB-48D9-8A1C-B1D463287122}.Release|Any CPU.ActiveCfg = Release|Any CPU
		{43ACEA6C-BAEB-48D9-8A1C-B1D463287122}.Release|Any CPU.Build.0 = Release|Any CPU
	EndGlobalSection
	GlobalSection(SolutionProperties) = preSolution
		HideSolutionNode = FALSE
	EndGlobalSection
	GlobalSection(ExtensibilityGlobals) = postSolution
		SolutionGuid = {7D4EF6DF-B450-4A45-A4D1-C537E65DDBE3}
	EndGlobalSection
EndGlobal
